
Microsoft Visual Studio Solution File, Format Version 12.00
Project("{FAE04EC0-301F-11D3-BF4B-00C04F79EFBC}") = "TriangleMesh", "TriangleMesh\TriangleMesh.csproj", "{044D62E7-1604-4D6C-9A73-696A4B80717A}"
EndProject
Global
	GlobalSection(SolutionConfigurationPlatforms) = preSolution
		Debug|Any CPU = Debug|Any CPU
		Release|Any CPU = Release|Any CPU
	EndGlobalSection
	GlobalSection(ProjectConfigurationPlatforms) = postSolution
		{044D62E7-1604-4D6C-9A73-696A4B80717A}.Debug|Any CPU.ActiveCfg = Debug|Any CPU
		{044D62E7-1604-4D6C-9A73-696A4B80717A}.Debug|Any CPU.Build.0 = Debug|Any CPU
		{044D62E7-1604-4D6C-9A73-696A4B80717A}.Release|Any CPU.ActiveCfg = Release|Any CPU
		{044D62E7-1604-4D6C-9A73-696A4B80717A}.Release|Any CPU.Build.0 = Release|Any CPU
	EndGlobalSection
EndGlobal
